
Microsoft Visual Studio Solution File, Format Version 12.00
# Visual Studio Version 17
VisualStudioVersion = 17.11.35327.3
MinimumVisualStudioVersion = 10.0.40219.1
Project("{FAE04EC0-301F-11D3-BF4B-00C04F79EFBC}") = "Hotel_Manegment_Syatem", "Hotel_Manegment_Syatem\Hotel_Manegment_Syatem.csproj", "{27CF4F9D-B9C6-46BD-94E9-B4F7F5FE1189}"
EndProject
Global
	GlobalSection(SolutionConfigurationPlatforms) = preSolution
		Debug|Any CPU = Debug|Any CPU
		Release|Any CPU = Release|Any CPU
	EndGlobalSection
	GlobalSection(ProjectConfigurationPlatforms) = postSolution
		{27CF4F9D-B9C6-46BD-94E9-B4F7F5FE1189}.Debug|Any CPU.ActiveCfg = Debug|Any CPU
		{27CF4F9D-B9C6-46BD-94E9-B4F7F5FE1189}.Debug|Any CPU.Build.0 = Debug|Any CPU
		{27CF4F9D-B9C6-46BD-94E9-B4F7F5FE1189}.Release|Any CPU.ActiveCfg = Release|Any CPU
		{27CF4F9D-B9C6-46BD-94E9-B4F7F5FE1189}.Release|Any CPU.Build.0 = Release|Any CPU
	EndGlobalSection
	GlobalSection(SolutionProperties) = preSolution
		HideSolutionNode = FALSE
	EndGlobalSection
	GlobalSection(ExtensibilityGlobals) = postSolution
		SolutionGuid = {62038FAD-FF3C-4771-8130-3B1F7E416239}
	EndGlobalSection
EndGlobal
